
Microsoft Visual Studio Solution File, Format Version 12.00
# Visual Studio Version 17
VisualStudioVersion = 17.0.32014.148
MinimumVisualStudioVersion = 10.0.40219.1
Project("{FAE04EC0-301F-11D3-BF4B-00C04F79EFBC}") = "TSW2_Controller", "TSW2_Controller\TSW2_Controller.csproj", "{11D42BDF-E6C6-4010-8E6C-B886E84BE7BD}"
EndProject
Global
	GlobalSection(SolutionConfigurationPlatforms) = preSolution
		Debug|Any CPU = Debug|Any CPU
		Release|Any CPU = Release|Any CPU
	EndGlobalSection
	GlobalSection(ProjectConfigurationPlatforms) = postSolution
		{11D42BDF-E6C6-4010-8E6C-B886E84BE7BD}.Debug|Any CPU.ActiveCfg = Debug|Any CPU
		{11D42BDF-E6C6-4010-8E6C-B886E84BE7BD}.Debug|Any CPU.Build.0 = Debug|Any CPU
		{11D42BDF-E6C6-4010-8E6C-B886E84BE7BD}.Release|Any CPU.ActiveCfg = Release|Any CPU
		{11D42BDF-E6C6-4010-8E6C-B886E84BE7BD}.Release|Any CPU.Build.0 = Release|Any CPU
	EndGlobalSection
	GlobalSection(SolutionProperties) = preSolution
		HideSolutionNode = FALSE
	EndGlobalSection
	GlobalSection(ExtensibilityGlobals) = postSolution
		SolutionGuid = {AB48D72F-893A-436B-8582-A4CB06EF17E4}
	EndGlobalSection
EndGlobal
